
Microsoft Visual Studio Solution File, Format Version 12.00
# Visual Studio Version 16
VisualStudioVersion = 16.0.29709.97
MinimumVisualStudioVersion = 10.0.40219.1
Project("{9A19103F-16F7-4668-BE54-9A1E7A4F7556}") = "CoreWebMicrosoftMiddleware", "CoreWebMicrosoftMiddleware\CoreWebMicrosoftMiddleware.csproj", "{2FE89146-F033-4BE7-BF26-3E1CC65F8F68}"
EndProject
Project("{FAE04EC0-301F-11D3-BF4B-00C04F79EFBC}") = "ManualWebClient", "ManualWebClient\ManualWebClient.csproj", "{D2B6CE41-7522-4FA3-BBFC-E8113F5E0079}"
EndProject
Project("{FAE04EC0-301F-11D3-BF4B-00C04F79EFBC}") = "StandardLibraryWebClient", "StandardLibraryWebClient\StandardLibraryWebClient.csproj", "{00BC1062-FCB1-42ED-BB57-26D87A4A05DA}"
EndProject
Project("{FAE04EC0-301F-11D3-BF4B-00C04F79EFBC}") = "PkceWebClient", "PkceWebClient\PkceWebClient.csproj", "{41D70E0E-1310-4EC2-973E-E0A86D3E5A9D}"
EndProject
Global
	GlobalSection(SolutionConfigurationPlatforms) = preSolution
		Debug|Any CPU = Debug|Any CPU
		Release|Any CPU = Release|Any CPU
	EndGlobalSection
	GlobalSection(ProjectConfigurationPlatforms) = postSolution
		{2FE89146-F033-4BE7-BF26-3E1CC65F8F68}.Debug|Any CPU.ActiveCfg = Debug|Any CPU
		{2FE89146-F033-4BE7-BF26-3E1CC65F8F68}.Debug|Any CPU.Build.0 = Debug|Any CPU
		{2FE89146-F033-4BE7-BF26-3E1CC65F8F68}.Release|Any CPU.ActiveCfg = Release|Any CPU
		{2FE89146-F033-4BE7-BF26-3E1CC65F8F68}.Release|Any CPU.Build.0 = Release|Any CPU
		{D2B6CE41-7522-4FA3-BBFC-E8113F5E0079}.Debug|Any CPU.ActiveCfg = Debug|Any CPU
		{D2B6CE41-7522-4FA3-BBFC-E8113F5E0079}.Debug|Any CPU.Build.0 = Debug|Any CPU
		{D2B6CE41-7522-4FA3-BBFC-E8113F5E0079}.Release|Any CPU.ActiveCfg = Release|Any CPU
		{D2B6CE41-7522-4FA3-BBFC-E8113F5E0079}.Release|Any CPU.Build.0 = Release|Any CPU
		{00BC1062-FCB1-42ED-BB57-26D87A4A05DA}.Debug|Any CPU.ActiveCfg = Debug|Any CPU
		{00BC1062-FCB1-42ED-BB57-26D87A4A05DA}.Debug|Any CPU.Build.0 = Debug|Any CPU
		{00BC1062-FCB1-42ED-BB57-26D87A4A05DA}.Release|Any CPU.ActiveCfg = Release|Any CPU
		{00BC1062-FCB1-42ED-BB57-26D87A4A05DA}.Release|Any CPU.Build.0 = Release|Any CPU
		{41D70E0E-1310-4EC2-973E-E0A86D3E5A9D}.Debug|Any CPU.ActiveCfg = Debug|Any CPU
		{41D70E0E-1310-4EC2-973E-E0A86D3E5A9D}.Debug|Any CPU.Build.0 = Debug|Any CPU
		{41D70E0E-1310-4EC2-973E-E0A86D3E5A9D}.Release|Any CPU.ActiveCfg = Release|Any CPU
		{41D70E0E-1310-4EC2-973E-E0A86D3E5A9D}.Release|Any CPU.Build.0 = Release|Any CPU
	EndGlobalSection
	GlobalSection(SolutionProperties) = preSolution
		HideSolutionNode = FALSE
	EndGlobalSection
	GlobalSection(ExtensibilityGlobals) = postSolution
		SolutionGuid = {4A6325A2-A10F-47CC-B386-A313F2DF23E4}
	EndGlobalSection
EndGlobal
